<?xml version="1.0" encoding="utf-8"?>
<Project ToolsVersion="4.0" xmlns="http://schemas.microsoft.com/developer/msbuild/2003">
  <ItemGroup>
    <Filter Include="Source Files">
      <UniqueIdentifier>{4FC737F1-C7A5-4376-A066-2A32D752A2FF}</UniqueIdentifier>
      <Extensions>cpp;c;cc;cxx;c++;cppm;ixx;def;odl;idl;hpj;bat;asm;asmx</Extensions>
    </Filter>
    <Filter Include="Header Files">
      <UniqueIdentifier>{93995380-89BD-4b04-88EB-625FBE52EBFB}</UniqueIdentifier>
      <Extensions>h;hh;hpp;hxx;h++;hm;inl;inc;ipp;xsd</Extensions>
    </Filter>
    <Filter Include="Resource Files">
      <UniqueIdentifier>{67DA6AB6-F800-4c08-8B7A-83BB121AAD01}</UniqueIdentifier>
      <Extensions>rc;ico;cur;bmp;dlg;rc2;rct;bin;rgs;gif;jpg;jpeg;jpe;resx;tiff;tif;png;wav;mfcribbon-ms</Extensions>
    </Filter>
  </ItemGroup>
  <ItemGroup>
    <ClCompile Include="MyForm.cpp">
      <Filter>Source Files</Filter>
    </ClCompile>
  </ItemGroup>
  <ItemGroup>
    <ClInclude Include="MyForm.h">
      <Filter>Header Files</Filter>
    </ClInclude>
    <ClInclude Include="ModuleSimpleWires.h">
      <Filter>Header Files</Filter>
    </ClInclude>
    <ClInclude Include="IndicatorUpdate.h">
      <Filter>Header Files</Filter>
    </ClInclude>
    <ClInclude Include="PortUpdate.h">
      <Filter>Header Files</Filter>
    </ClInclude>
    <ClInclude Include="BatteriesCountUpdate.h">
      <Filter>Header Files</Filter>
    </ClInclude>
    <ClInclude Include="SerialNumUpdate.h">
      <Filter>Header Files</Filter>
    </ClInclude>
    <ClInclude Include="ModuleButton.h">
      <Filter>Header Files</Filter>
    </ClInclude>
    <ClInclude Include="ButtonOutput.h">
      <Filter>Header Files</Filter>
    </ClInclude>
    <ClInclude Include="ModuleKeypad.h">
      <Filter>Header Files</Filter>
    </ClInclude>
    <ClInclude Include="ModuleSimonSays.h">
      <Filter>Header Files</Filter>
    </ClInclude>
    <ClInclude Include="ModuleMaze.h">
      <Filter>Header Files</Filter>
    </ClInclude>
    <ClInclude Include="ModuleMemory.h">
      <Filter>Header Files</Filter>
    </ClInclude>
    <ClInclude Include="ModuleMorseCode.h">
      <Filter>Header Files</Filter>
    </ClInclude>
    <ClInclude Include="ModuleComplicated Wires.h">
      <Filter>Header Files</Filter>
    </ClInclude>
    <ClInclude Include="ModuleWireSequence.h">
      <Filter>Header Files</Filter>
    </ClInclude>
    <ClInclude Include="ModulePassword.h">
      <Filter>Header Files</Filter>
    </ClInclude>
    <ClInclude Include="ModuleKnobs.h">
      <Filter>Header Files</Filter>
    </ClInclude>
    <ClInclude Include="ModuleWhosOnFirst.h">
      <Filter>Header Files</Filter>
    </ClInclude>
    <ClInclude Include="resource.h">
      <Filter>Header Files</Filter>
    </ClInclude>
  </ItemGroup>
  <ItemGroup>
    <ResourceCompile Include="KTaNE_GUI_Expert.rc">
      <Filter>Resource Files</Filter>
    </ResourceCompile>
  </ItemGroup>
  <ItemGroup>
    <Image Include="..\Icons\Bomb.ico">
      <Filter>Resource Files</Filter>
    </Image>
  </ItemGroup>
</Project>